PODS:
  - Mantle (2.1.0):
    - Mantle/extobjc (= 2.1.0)
  - Mantle/extobjc (2.1.0)
  - QuickBlox (2.16)
  - Quickblox-WebRTC (2.6.3):
    - QuickBlox (>= 2.7)

DEPENDENCIES:
  - Mantle (~> 2.1.0)
  - QuickBlox (~> 2.12)
  - Quickblox-WebRTC (~> 2.6.1)

SPEC REPOS:
  https://github.com/CocoaPods/Specs.git:
    - Mantle
    - QuickBlox
    - Quickblox-WebRTC

SPEC CHECKSUMS:
  Mantle: 2fa750afa478cd625a94230fbf1c13462f29395b
  QuickBlox: fc3ab36e290d703573fdfa8e3066eade722460f0
  Quickblox-WebRTC: 1838368795c479dd61796a3423ce9e74a90fe939

PODFILE CHECKSUM: ecccb82ea7948dccd381ba68cc4e8ea098ebea5e

COCOAPODS: 1.5.0
